# This file was autogenerated by Stack.
# You should not edit this file by hand.
# For more information, please see the documentation at:
#   https://docs.haskellstack.org/en/stable/lock_files

packages:
- completed:
    hackage: threepenny-gui-0.9.1.0@sha256:6de1ad00cf383cb8fb5e81bafd5ea2fc2f16e25c5b0b9c39e61c34db67e0c751,9795
    pantry-tree:
      sha256: 5f97119842ce3270c5b60692dde0e3f3dac51ea17bedfc404f838f8d27c6bfd9
      size: 4283
  original:
    hackage: threepenny-gui-0.9.1.0@sha256:6de1ad00cf383cb8fb5e81bafd5ea2fc2f16e25c5b0b9c39e61c34db67e0c751,9795
snapshots:
- completed:
    sha256: 428ec8d5ce932190d3cbe266b9eb3c175cd81e984babf876b64019e2cbe4ea68
    size: 590100
    url: https://raw.githubusercontent.com/commercialhaskell/stackage-snapshots/master/lts/18/28.yaml
  original: lts-18.28
