# This file was autogenerated by Stack.
# You should not edit this file by hand.
# For more information, please see the documentation at:
#   https://docs.haskellstack.org/en/stable/lock_files

packages:
  - completed:
      hackage: parallel-3.2.2.0@sha256:19ff631f3a26ee7cf0603e2b80fc375d77d3f350ae460ae72fe4cf5da665c90b,1821
      pantry-tree:
        size: 392
        sha256: d6a417b6076136ea30d825c9239f44c2f007e0050f58bff57d2aac80359e5287
    original:
      hackage: parallel-3.2.2.0@sha256:19ff631f3a26ee7cf0603e2b80fc375d77d3f350ae460ae72fe4cf5da665c90b,1821
snapshots: []
