# This file was autogenerated by Stack.
# You should not edit this file by hand.
# For more information, please see the documentation at:
#   https://docs.haskellstack.org/en/stable/lock_files

packages:
- completed:
    hackage: unix-2.8.2.1@sha256:433396e6087bbe6433ea4a743600bddd29d0e6cd701ea688d6d637ebae7b7bac,9318
    pantry-tree:
      size: 5752
      sha256: 1be1c56da093b0db76374ed0692109a8ebb7a0e5a44b660d186ac759e2b5bd94
  original:
    hackage: unix-2.8.2.1@sha256:433396e6087bbe6433ea4a743600bddd29d0e6cd701ea688d6d637ebae7b7bac,9318
snapshots:
- completed:
    size: 619173
    url: https://raw.githubusercontent.com/commercialhaskell/stackage-snapshots/master/lts/19/20.yaml
    sha256: be747117bed6d462806c883352c3206325b23480825103f5c87884e97e52819a
  original: lts-19.20
